{
  "nodes": {
    "home-manager": {
      "inputs": {
        "nixpkgs": [
          "nixpkgs"
        ]
      },
      "locked": {
        "lastModified": 1763906693,
        "narHash": "sha256-inm7paa3myo8gE4TzjM8OPvsEg8xocWreIZBgBPEKgo=",
        "rev": "3d6c1c8fa0bea3a1a7ba23d6fa5993116766073b",
        "revCount": 5803,
        "type": "tarball",
        "url": "https://api.flakehub.com/f/pinned/nix-community/home-manager/0.1.5803%2Brev-3d6c1c8fa0bea3a1a7ba23d6fa5993116766073b/019ab109-5321-797d-8bbd-1da614766f0d/source.tar.gz"
      },
      "original": {
        "type": "tarball",
        "url": "https://flakehub.com/f/nix-community/home-manager/0.1.tar.gz"
      }
    },
    "nixpkgs": {
      "locked": {
        "lastModified": 1763678758,
        "narHash": "sha256-+hBiJ+kG5IoffUOdlANKFflTT5nO3FrrR2CA3178Y5s=",
        "owner": "nixos",
        "repo": "nixpkgs",
        "rev": "117cc7f94e8072499b0a7aa4c52084fa4e11cc9b",
        "type": "github"
      },
      "original": {
        "owner": "nixos",
        "ref": "nixos-unstable",
        "repo": "nixpkgs",
        "type": "github"
      }
    },
    "root": {
      "inputs": {
        "home-manager": "home-manager",
        "nixpkgs": "nixpkgs",
        "sops-nix": "sops-nix",
        "xhmm": "xhmm"
      }
    },
    "sops-nix": {
      "inputs": {
        "nixpkgs": [
          "nixpkgs"
        ]
      },
      "locked": {
        "lastModified": 1763870012,
        "narHash": "sha256-AHxFfIu73SpNLAOZbu/AvpLhZ/Szhx6gRPj9ufZtaZA=",
        "owner": "Mic92",
        "repo": "sops-nix",
        "rev": "4e7d74d92398b933cc0e0e25af5b0836efcfdde3",
        "type": "github"
      },
      "original": {
        "owner": "Mic92",
        "ref": "master",
        "repo": "sops-nix",
        "type": "github"
      }
    },
    "xhmm": {
      "locked": {
        "lastModified": 1755104671,
        "narHash": "sha256-vNs6UTfofV3ZTLsbxQSXLkymJURSWxEuscSlybhet3M=",
        "owner": "schuelermine",
        "repo": "xhmm",
        "rev": "786cdb0d2736847af1b0b25ea1165dbc6b844b08",
        "type": "github"
      },
      "original": {
        "owner": "schuelermine",
        "ref": "b0",
        "repo": "xhmm",
        "type": "github"
      }
    }
  },
  "root": "root",
  "version": 7
}
